
Microsoft Visual Studio Solution File, Format Version 12.00
# Visual Studio Version 17
VisualStudioVersion = 17.9.34607.119
MinimumVisualStudioVersion = 10.0.40219.1
Project("{FAE04EC0-301F-11D3-BF4B-00C04F79EFBC}") = "ConsoleApp1Test", "ConsoleApp1Test\ConsoleApp1Test.csproj", "{EC4E2A21-6E0D-451B-BFE4-2DEE62049E83}"
EndProject
Global
	GlobalSection(SolutionConfigurationPlatforms) = preSolution
		Debug|Any CPU = Debug|Any CPU
		Release|Any CPU = Release|Any CPU
	EndGlobalSection
	GlobalSection(ProjectConfigurationPlatforms) = postSolution
		{EC4E2A21-6E0D-451B-BFE4-2DEE62049E83}.Debug|Any CPU.ActiveCfg = Debug|Any CPU
		{EC4E2A21-6E0D-451B-BFE4-2DEE62049E83}.Debug|Any CPU.Build.0 = Debug|Any CPU
		{EC4E2A21-6E0D-451B-BFE4-2DEE62049E83}.Release|Any CPU.ActiveCfg = Release|Any CPU
		{EC4E2A21-6E0D-451B-BFE4-2DEE62049E83}.Release|Any CPU.Build.0 = Release|Any CPU
	EndGlobalSection
	GlobalSection(SolutionProperties) = preSolution
		HideSolutionNode = FALSE
	EndGlobalSection
	GlobalSection(ExtensibilityGlobals) = postSolution
		SolutionGuid = {DF500AE3-0481-4CE8-A9FD-759F1C0974CD}
	EndGlobalSection
EndGlobal
